// !$*UTF8*$!
{
	archiveVersion = 1;
	classes = {
	};
	objectVersion = 55;
	objects = {

/* Begin PBXBuildFile section */
		5A13DA2526CB041700D8ED3F /* ManualVoltageControlView.swift in Sources */ = {isa = PBXBuildFile; fileRef = 5A13DA2426CB041700D8ED3F /* ManualVoltageControlView.swift */; };
		5A1B639226A8EF2F004C5348 /* CommunicationState.swift in Sources */ = {isa = PBXBuildFile; fileRef = 5A1B639126A8EF2F004C5348 /* CommunicationState.swift */; };
		5A1B639526A8FE90004C5348 /* PrinterController in Frameworks */ = {isa = PBXBuildFile; productRef = 5A1B639426A8FE90004C5348 /* PrinterController */; };
		5A2351C126AA2621004C7374 /* CoordinateTransformer.swift in Sources */ = {isa = PBXBuildFile; fileRef = 5A2351C026AA2621004C7374 /* CoordinateTransformer.swift */; };
		5A2351C326AA2BD7004C7374 /* CoordinateTransformationEditor.swift in Sources */ = {isa = PBXBuildFile; fileRef = 5A2351C226AA2BD7004C7374 /* CoordinateTransformationEditor.swift */; };
		5A4D3BD526E92C5500664B46 /* VoltageToggleOperationView.swift in Sources */ = {isa = PBXBuildFile; fileRef = 5A4D3BD426E92C5500664B46 /* VoltageToggleOperationView.swift */; };
		5A4D3BD726E92DDC00664B46 /* OperationView.swift in Sources */ = {isa = PBXBuildFile; fileRef = 5A4D3BD626E92DDC00664B46 /* OperationView.swift */; };
		5A4D3BDD26E930D200664B46 /* OperationQueueView.swift in Sources */ = {isa = PBXBuildFile; fileRef = 5A4D3BDC26E930D200664B46 /* OperationQueueView.swift */; };
		5A5B23F726A8C1230079D7F9 /* PreferencesView.swift in Sources */ = {isa = PBXBuildFile; fileRef = 5A5B23F626A8C1230079D7F9 /* PreferencesView.swift */; };
		5A5B23FA26A8C2270079D7F9 /* SeeayaUI in Frameworks */ = {isa = PBXBuildFile; productRef = 5A5B23F926A8C2270079D7F9 /* SeeayaUI */; };
		5A5E830726A9240600FE37AD /* ErrorLogger.swift in Sources */ = {isa = PBXBuildFile; fileRef = 5A5E830626A9240600FE37AD /* ErrorLogger.swift */; };
		5A5E830926A9363200FE37AD /* LogView.swift in Sources */ = {isa = PBXBuildFile; fileRef = 5A5E830826A9363200FE37AD /* LogView.swift */; };
		5AAF501D267BD388002A58B5 /* FifiApp.swift in Sources */ = {isa = PBXBuildFile; fileRef = 5AAF501C267BD388002A58B5 /* FifiApp.swift */; };
		5AAF501F267BD388002A58B5 /* ContentView.swift in Sources */ = {isa = PBXBuildFile; fileRef = 5AAF501E267BD388002A58B5 /* ContentView.swift */; };
		5AAF5021267BD389002A58B5 /* Assets.xcassets in Resources */ = {isa = PBXBuildFile; fileRef = 5AAF5020267BD389002A58B5 /* Assets.xcassets */; };
		5AAF5024267BD389002A58B5 /* Preview Assets.xcassets in Resources */ = {isa = PBXBuildFile; fileRef = 5AAF5023267BD389002A58B5 /* Preview Assets.xcassets */; };
		5AAF502E267BD389002A58B5 /* FifiTests.swift in Sources */ = {isa = PBXBuildFile; fileRef = 5AAF502D267BD389002A58B5 /* FifiTests.swift */; };
		5AAF5038267BD389002A58B5 /* FifiUITests.swift in Sources */ = {isa = PBXBuildFile; fileRef = 5AAF5037267BD389002A58B5 /* FifiUITests.swift */; };
		5AD5837826A9F8B00056108F /* ManualControlView.swift in Sources */ = {isa = PBXBuildFile; fileRef = 5AD5837726A9F8B00056108F /* ManualControlView.swift */; };
/* End PBXBuildFile section */

/* Begin PBXContainerItemProxy section */
		5AAF502A267BD389002A58B5 /* PBXContainerItemProxy */ = {
			isa = PBXContainerItemProxy;
			containerPortal = 5AAF5011267BD387002A58B5 /* Project object */;
			proxyType = 1;
			remoteGlobalIDString = 5AAF5018267BD388002A58B5;
			remoteInfo = Fifi;
		};
		5AAF5034267BD389002A58B5 /* PBXContainerItemProxy */ = {
			isa = PBXContainerItemProxy;
			containerPortal = 5AAF5011267BD387002A58B5 /* Project object */;
			proxyType = 1;
			remoteGlobalIDString = 5AAF5018267BD388002A58B5;
			remoteInfo = Fifi;
		};
/* End PBXContainerItemProxy section */

/* Begin PBXFileReference section */
		5A13DA2426CB041700D8ED3F /* ManualVoltageControlView.swift */ = {isa = PBXFileReference; lastKnownFileType = sourcecode.swift; path = ManualVoltageControlView.swift; sourceTree = "<group>"; };
		5A1B639126A8EF2F004C5348 /* CommunicationState.swift */ = {isa = PBXFileReference; lastKnownFileType = sourcecode.swift; path = CommunicationState.swift; sourceTree = "<group>"; };
		5A2351C026AA2621004C7374 /* CoordinateTransformer.swift */ = {isa = PBXFileReference; lastKnownFileType = sourcecode.swift; path = CoordinateTransformer.swift; sourceTree = "<group>"; };
		5A2351C226AA2BD7004C7374 /* CoordinateTransformationEditor.swift */ = {isa = PBXFileReference; lastKnownFileType = sourcecode.swift; path = CoordinateTransformationEditor.swift; sourceTree = "<group>"; };
		5A446CE126AA36CD003A7DC5 /* Info.plist */ = {isa = PBXFileReference; lastKnownFileType = text.plist; path = Info.plist; sourceTree = "<group>"; };
		5A4D3BD426E92C5500664B46 /* VoltageToggleOperationView.swift */ = {isa = PBXFileReference; lastKnownFileType = sourcecode.swift; path = VoltageToggleOperationView.swift; sourceTree = "<group>"; };
		5A4D3BD626E92DDC00664B46 /* OperationView.swift */ = {isa = PBXFileReference; lastKnownFileType = sourcecode.swift; path = OperationView.swift; sourceTree = "<group>"; };
		5A4D3BDC26E930D200664B46 /* OperationQueueView.swift */ = {isa = PBXFileReference; lastKnownFileType = sourcecode.swift; path = OperationQueueView.swift; sourceTree = "<group>"; };
		5A5B23F326A8C08B0079D7F9 /* PrinterController */ = {isa = PBXFileReference; lastKnownFileType = folder; name = PrinterController; path = ../PrinterController; sourceTree = "<group>"; };
		5A5B23F626A8C1230079D7F9 /* PreferencesView.swift */ = {isa = PBXFileReference; lastKnownFileType = sourcecode.swift; path = PreferencesView.swift; sourceTree = "<group>"; };
		5A5E830326A91F4800FE37AD /* Fifi.entitlements */ = {isa = PBXFileReference; lastKnownFileType = text.plist.entitlements; path = Fifi.entitlements; sourceTree = "<group>"; };
		5A5E830626A9240600FE37AD /* ErrorLogger.swift */ = {isa = PBXFileReference; lastKnownFileType = sourcecode.swift; path = ErrorLogger.swift; sourceTree = "<group>"; };
		5A5E830826A9363200FE37AD /* LogView.swift */ = {isa = PBXFileReference; lastKnownFileType = sourcecode.swift; path = LogView.swift; sourceTree = "<group>"; };
		5AAF5019267BD388002A58B5 /* Fifi.app */ = {isa = PBXFileReference; explicitFileType = wrapper.application; includeInIndex = 0; path = Fifi.app; sourceTree = BUILT_PRODUCTS_DIR; };
		5AAF501C267BD388002A58B5 /* FifiApp.swift */ = {isa = PBXFileReference; lastKnownFileType = sourcecode.swift; path = FifiApp.swift; sourceTree = "<group>"; };
		5AAF501E267BD388002A58B5 /* ContentView.swift */ = {isa = PBXFileReference; lastKnownFileType = sourcecode.swift; path = ContentView.swift; sourceTree = "<group>"; };
		5AAF5020267BD389002A58B5 /* Assets.xcassets */ = {isa = PBXFileReference; lastKnownFileType = folder.assetcatalog; path = Assets.xcassets; sourceTree = "<group>"; };
		5AAF5023267BD389002A58B5 /* Preview Assets.xcassets */ = {isa = PBXFileReference; lastKnownFileType = folder.assetcatalog; path = "Preview Assets.xcassets"; sourceTree = "<group>"; };
		5AAF5029267BD389002A58B5 /* FifiTests.xctest */ = {isa = PBXFileReference; explicitFileType = wrapper.cfbundle; includeInIndex = 0; path = FifiTests.xctest; sourceTree = BUILT_PRODUCTS_DIR; };
		5AAF502D267BD389002A58B5 /* FifiTests.swift */ = {isa = PBXFileReference; lastKnownFileType = sourcecode.swift; path = FifiTests.swift; sourceTree = "<group>"; };
		5AAF5033267BD389002A58B5 /* FifiUITests.xctest */ = {isa = PBXFileReference; explicitFileType = wrapper.cfbundle; includeInIndex = 0; path = FifiUITests.xctest; sourceTree = BUILT_PRODUCTS_DIR; };
		5AAF5037267BD389002A58B5 /* FifiUITests.swift */ = {isa = PBXFileReference; lastKnownFileType = sourcecode.swift; path = FifiUITests.swift; sourceTree = "<group>"; };
		5AD5837726A9F8B00056108F /* ManualControlView.swift */ = {isa = PBXFileReference; lastKnownFileType = sourcecode.swift; path = ManualControlView.swift; sourceTree = "<group>"; };
/* End PBXFileReference section */

/* Begin PBXFrameworksBuildPhase section */
		5AAF5016267BD388002A58B5 /* Frameworks */ = {
			isa = PBXFrameworksBuildPhase;
			buildActionMask = 2147483647;
			files = (
				5A5B23FA26A8C2270079D7F9 /* SeeayaUI in Frameworks */,
				5A1B639526A8FE90004C5348 /* PrinterController in Frameworks */,
			);
			runOnlyForDeploymentPostprocessing = 0;
		};
		5AAF5026267BD389002A58B5 /* Frameworks */ = {
			isa = PBXFrameworksBuildPhase;
			buildActionMask = 2147483647;
			files = (
			);
			runOnlyForDeploymentPostprocessing = 0;
		};
		5AAF5030267BD389002A58B5 /* Frameworks */ = {
			isa = PBXFrameworksBuildPhase;
			buildActionMask = 2147483647;
			files = (
			);
			runOnlyForDeploymentPostprocessing = 0;
		};
/* End PBXFrameworksBuildPhase section */

/* Begin PBXGroup section */
		5A1B639326A8FE90004C5348 /* Frameworks */ = {
			isa = PBXGroup;
			children = (
			);
			name = Frameworks;
			sourceTree = "<group>";
		};
		5A4D3BD326E92C2E00664B46 /* OperationViews */ = {
			isa = PBXGroup;
			children = (
				5A4D3BD426E92C5500664B46 /* VoltageToggleOperationView.swift */,
				5A4D3BD626E92DDC00664B46 /* OperationView.swift */,
			);
			path = OperationViews;
			sourceTree = "<group>";
		};
		5A5B23F226A8C08B0079D7F9 /* Packages */ = {
			isa = PBXGroup;
			children = (
				5A5B23F326A8C08B0079D7F9 /* PrinterController */,
			);
			name = Packages;
			sourceTree = "<group>";
		};
		5A5E830426A923ED00FE37AD /* Views */ = {
			isa = PBXGroup;
			children = (
				5A4D3BD326E92C2E00664B46 /* OperationViews */,
				5A5B23F626A8C1230079D7F9 /* PreferencesView.swift */,
				5A5E830826A9363200FE37AD /* LogView.swift */,
				5AAF501E267BD388002A58B5 /* ContentView.swift */,
				5A4D3BDC26E930D200664B46 /* OperationQueueView.swift */,
				5A2351C226AA2BD7004C7374 /* CoordinateTransformationEditor.swift */,
				5AD5837626A9F89E0056108F /* Manual Control */,
			);
			path = Views;
			sourceTree = "<group>";
		};
		5A5E830526A923F700FE37AD /* Utilities */ = {
			isa = PBXGroup;
			children = (
				5A2351C026AA2621004C7374 /* CoordinateTransformer.swift */,
				5A1B639126A8EF2F004C5348 /* CommunicationState.swift */,
				5A5E830626A9240600FE37AD /* ErrorLogger.swift */,
			);
			path = Utilities;
			sourceTree = "<group>";
		};
		5AAF5010267BD387002A58B5 = {
			isa = PBXGroup;
			children = (
				5A5B23F226A8C08B0079D7F9 /* Packages */,
				5AAF501B267BD388002A58B5 /* Fifi */,
				5AAF502C267BD389002A58B5 /* FifiTests */,
				5AAF5036267BD389002A58B5 /* FifiUITests */,
				5AAF501A267BD388002A58B5 /* Products */,
				5A1B639326A8FE90004C5348 /* Frameworks */,
			);
			sourceTree = "<group>";
		};
		5AAF501A267BD388002A58B5 /* Products */ = {
			isa = PBXGroup;
			children = (
				5AAF5019267BD388002A58B5 /* Fifi.app */,
				5AAF5029267BD389002A58B5 /* FifiTests.xctest */,
				5AAF5033267BD389002A58B5 /* FifiUITests.xctest */,
			);
			name = Products;
			sourceTree = "<group>";
		};
		5AAF501B267BD388002A58B5 /* Fifi */ = {
			isa = PBXGroup;
			children = (
				5A446CE126AA36CD003A7DC5 /* Info.plist */,
				5A5E830326A91F4800FE37AD /* Fifi.entitlements */,
				5AAF501C267BD388002A58B5 /* FifiApp.swift */,
				5A5E830526A923F700FE37AD /* Utilities */,
				5A5E830426A923ED00FE37AD /* Views */,
				5AAF5020267BD389002A58B5 /* Assets.xcassets */,
				5AAF5022267BD389002A58B5 /* Preview Content */,
			);
			path = Fifi;
			sourceTree = "<group>";
		};
		5AAF5022267BD389002A58B5 /* Preview Content */ = {
			isa = PBXGroup;
			children = (
				5AAF5023267BD389002A58B5 /* Preview Assets.xcassets */,
			);
			path = "Preview Content";
			sourceTree = "<group>";
		};
		5AAF502C267BD389002A58B5 /* FifiTests */ = {
			isa = PBXGroup;
			children = (
				5AAF502D267BD389002A58B5 /* FifiTests.swift */,
			);
			path = FifiTests;
			sourceTree = "<group>";
		};
		5AAF5036267BD389002A58B5 /* FifiUITests */ = {
			isa = PBXGroup;
			children = (
				5AAF5037267BD389002A58B5 /* FifiUITests.swift */,
			);
			path = FifiUITests;
			sourceTree = "<group>";
		};
		5AD5837626A9F89E0056108F /* Manual Control */ = {
			isa = PBXGroup;
			children = (
				5AD5837726A9F8B00056108F /* ManualControlView.swift */,
				5A13DA2426CB041700D8ED3F /* ManualVoltageControlView.swift */,
			);
			path = "Manual Control";
			sourceTree = "<group>";
		};
/* End PBXGroup section */

/* Begin PBXNativeTarget section */
		5AAF5018267BD388002A58B5 /* Fifi */ = {
			isa = PBXNativeTarget;
			buildConfigurationList = 5AAF503B267BD389002A58B5 /* Build configuration list for PBXNativeTarget "Fifi" */;
			buildPhases = (
				5AAF5015267BD388002A58B5 /* Sources */,
				5AAF5016267BD388002A58B5 /* Frameworks */,
				5AAF5017267BD388002A58B5 /* Resources */,
			);
			buildRules = (
			);
			dependencies = (
			);
			name = Fifi;
			packageProductDependencies = (
				5A5B23F926A8C2270079D7F9 /* SeeayaUI */,
				5A1B639426A8FE90004C5348 /* PrinterController */,
			);
			productName = Fifi;
			productReference = 5AAF5019267BD388002A58B5 /* Fifi.app */;
			productType = "com.apple.product-type.application";
		};
		5AAF5028267BD389002A58B5 /* FifiTests */ = {
			isa = PBXNativeTarget;
			buildConfigurationList = 5AAF503E267BD389002A58B5 /* Build configuration list for PBXNativeTarget "FifiTests" */;
			buildPhases = (
				5AAF5025267BD389002A58B5 /* Sources */,
				5AAF5026267BD389002A58B5 /* Frameworks */,
				5AAF5027267BD389002A58B5 /* Resources */,
			);
			buildRules = (
			);
			dependencies = (
				5AAF502B267BD389002A58B5 /* PBXTargetDependency */,
			);
			name = FifiTests;
			productName = FifiTests;
			productReference = 5AAF5029267BD389002A58B5 /* FifiTests.xctest */;
			productType = "com.apple.product-type.bundle.unit-test";
		};
		5AAF5032267BD389002A58B5 /* FifiUITests */ = {
			isa = PBXNativeTarget;
			buildConfigurationList = 5AAF5041267BD389002A58B5 /* Build configuration list for PBXNativeTarget "FifiUITests" */;
			buildPhases = (
				5AAF502F267BD389002A58B5 /* Sources */,
				5AAF5030267BD389002A58B5 /* Frameworks */,
				5AAF5031267BD389002A58B5 /* Resources */,
			);
			buildRules = (
			);
			dependencies = (
				5AAF5035267BD389002A58B5 /* PBXTargetDependency */,
			);
			name = FifiUITests;
			productName = FifiUITests;
			productReference = 5AAF5033267BD389002A58B5 /* FifiUITests.xctest */;
			productType = "com.apple.product-type.bundle.ui-testing";
		};
/* End PBXNativeTarget section */

/* Begin PBXProject section */
		5AAF5011267BD387002A58B5 /* Project object */ = {
			isa = PBXProject;
			attributes = {
				BuildIndependentTargetsInParallel = 1;
				LastSwiftUpdateCheck = 1300;
				LastUpgradeCheck = 1300;
				TargetAttributes = {
					5AAF5018267BD388002A58B5 = {
						CreatedOnToolsVersion = 13.0;
					};
					5AAF5028267BD389002A58B5 = {
						CreatedOnToolsVersion = 13.0;
						TestTargetID = 5AAF5018267BD388002A58B5;
					};
					5AAF5032267BD389002A58B5 = {
						CreatedOnToolsVersion = 13.0;
						TestTargetID = 5AAF5018267BD388002A58B5;
					};
				};
			};
			buildConfigurationList = 5AAF5014267BD387002A58B5 /* Build configuration list for PBXProject "Fifi" */;
			compatibilityVersion = "Xcode 13.0";
			developmentRegion = en;
			hasScannedForEncodings = 0;
			knownRegions = (
				en,
				Base,
			);
			mainGroup = 5AAF5010267BD387002A58B5;
			packageReferences = (
				5A5B23F826A8C2270079D7F9 /* XCRemoteSwiftPackageReference "SeeayaUI" */,
			);
			productRefGroup = 5AAF501A267BD388002A58B5 /* Products */;
			projectDirPath = "";
			projectRoot = "";
			targets = (
				5AAF5018267BD388002A58B5 /* Fifi */,
				5AAF5028267BD389002A58B5 /* FifiTests */,
				5AAF5032267BD389002A58B5 /* FifiUITests */,
			);
		};
/* End PBXProject section */

/* Begin PBXResourcesBuildPhase section */
		5AAF5017267BD388002A58B5 /* Resources */ = {
			isa = PBXResourcesBuildPhase;
			buildActionMask = 2147483647;
			files = (
				5AAF5024267BD389002A58B5 /* Preview Assets.xcassets in Resources */,
				5AAF5021267BD389002A58B5 /* Assets.xcassets in Resources */,
			);
			runOnlyForDeploymentPostprocessing = 0;
		};
		5AAF5027267BD389002A58B5 /* Resources */ = {
			isa = PBXResourcesBuildPhase;
			buildActionMask = 2147483647;
			files = (
			);
			runOnlyForDeploymentPostprocessing = 0;
		};
		5AAF5031267BD389002A58B5 /* Resources */ = {
			isa = PBXResourcesBuildPhase;
			buildActionMask = 2147483647;
			files = (
			);
			runOnlyForDeploymentPostprocessing = 0;
		};
/* End PBXResourcesBuildPhase section */

/* Begin PBXSourcesBuildPhase section */
		5AAF5015267BD388002A58B5 /* Sources */ = {
			isa = PBXSourcesBuildPhase;
			buildActionMask = 2147483647;
			files = (
				5A5E830726A9240600FE37AD /* ErrorLogger.swift in Sources */,
				5A2351C126AA2621004C7374 /* CoordinateTransformer.swift in Sources */,
				5A5E830926A9363200FE37AD /* LogView.swift in Sources */,
				5A2351C326AA2BD7004C7374 /* CoordinateTransformationEditor.swift in Sources */,
				5AAF501F267BD388002A58B5 /* ContentView.swift in Sources */,
				5A5B23F726A8C1230079D7F9 /* PreferencesView.swift in Sources */,
				5A4D3BD726E92DDC00664B46 /* OperationView.swift in Sources */,
				5A4D3BDD26E930D200664B46 /* OperationQueueView.swift in Sources */,
				5A1B639226A8EF2F004C5348 /* CommunicationState.swift in Sources */,
				5AAF501D267BD388002A58B5 /* FifiApp.swift in Sources */,
				5AD5837826A9F8B00056108F /* ManualControlView.swift in Sources */,
				5A4D3BD526E92C5500664B46 /* VoltageToggleOperationView.swift in Sources */,
				5A13DA2526CB041700D8ED3F /* ManualVoltageControlView.swift in Sources */,
			);
			runOnlyForDeploymentPostprocessing = 0;
		};
		5AAF5025267BD389002A58B5 /* Sources */ = {
			isa = PBXSourcesBuildPhase;
			buildActionMask = 2147483647;
			files = (
				5AAF502E267BD389002A58B5 /* FifiTests.swift in Sources */,
			);
			runOnlyForDeploymentPostprocessing = 0;
		};
		5AAF502F267BD389002A58B5 /* Sources */ = {
			isa = PBXSourcesBuildPhase;
			buildActionMask = 2147483647;
			files = (
				5AAF5038267BD389002A58B5 /* FifiUITests.swift in Sources */,
			);
			runOnlyForDeploymentPostprocessing = 0;
		};
/* End PBXSourcesBuildPhase section */

/* Begin PBXTargetDependency section */
		5AAF502B267BD389002A58B5 /* PBXTargetDependency */ = {
			isa = PBXTargetDependency;
			target = 5AAF5018267BD388002A58B5 /* Fifi */;
			targetProxy = 5AAF502A267BD389002A58B5 /* PBXContainerItemProxy */;
		};
		5AAF5035267BD389002A58B5 /* PBXTargetDependency */ = {
			isa = PBXTargetDependency;
			target = 5AAF5018267BD388002A58B5 /* Fifi */;
			targetProxy = 5AAF5034267BD389002A58B5 /* PBXContainerItemProxy */;
		};
/* End PBXTargetDependency section */

/* Begin XCBuildConfiguration section */
		5AAF5039267BD389002A58B5 /* Debug */ = {
			isa = XCBuildConfiguration;
			buildSettings = {
				ALWAYS_SEARCH_USER_PATHS = NO;
				CLANG_ANALYZER_NONNULL = YES;
				CLANG_ANALYZER_NUMBER_OBJECT_CONVERSION = YES_AGGRESSIVE;
				CLANG_CXX_LANGUAGE_STANDARD = "gnu++14";
				CLANG_CXX_LIBRARY = "libc++";
				CLANG_ENABLE_MODULES = YES;
				CLANG_ENABLE_OBJC_ARC = YES;
				CLANG_ENABLE_OBJC_WEAK = YES;
				CLANG_WARN_BLOCK_CAPTURE_AUTORELEASING = YES;
				CLANG_WARN_BOOL_CONVERSION = YES;
				CLANG_WARN_COMMA = YES;
				CLANG_WARN_CONSTANT_CONVERSION = YES;
				CLANG_WARN_DEPRECATED_OBJC_IMPLEMENTATIONS = YES;
				CLANG_WARN_DIRECT_OBJC_ISA_USAGE = YES_ERROR;
				CLANG_WARN_DOCUMENTATION_COMMENTS = YES;
				CLANG_WARN_EMPTY_BODY = YES;
				CLANG_WARN_ENUM_CONVERSION = YES;
				CLANG_WARN_INFINITE_RECURSION = YES;
				CLANG_WARN_INT_CONVERSION = YES;
				CLANG_WARN_NON_LITERAL_NULL_CONVERSION = YES;
				CLANG_WARN_OBJC_IMPLICIT_RETAIN_SELF = YES;
				CLANG_WARN_OBJC_LITERAL_CONVERSION = YES;
				CLANG_WARN_OBJC_ROOT_CLASS = YES_ERROR;
				CLANG_WARN_QUOTED_INCLUDE_IN_FRAMEWORK_HEADER = YES;
				CLANG_WARN_RANGE_LOOP_ANALYSIS = YES;
				CLANG_WARN_STRICT_PROTOTYPES = YES;
				CLANG_WARN_SUSPICIOUS_MOVE = YES;
				CLANG_WARN_UNGUARDED_AVAILABILITY = YES_AGGRESSIVE;
				CLANG_WARN_UNREACHABLE_CODE = YES;
				CLANG_WARN__DUPLICATE_METHOD_MATCH = YES;
				COPY_PHASE_STRIP = NO;
				DEBUG_INFORMATION_FORMAT = dwarf;
				ENABLE_STRICT_OBJC_MSGSEND = YES;
				ENABLE_TESTABILITY = YES;
				GCC_C_LANGUAGE_STANDARD = gnu11;
				GCC_DYNAMIC_NO_PIC = NO;
				GCC_NO_COMMON_BLOCKS = YES;
				GCC_OPTIMIZATION_LEVEL = 0;
				GCC_PREPROCESSOR_DEFINITIONS = (
					"DEBUG=1",
					"$(inherited)",
				);
				GCC_WARN_64_TO_32_BIT_CONVERSION = YES;
				GCC_WARN_ABOUT_RETURN_TYPE = YES_ERROR;
				GCC_WARN_UNDECLARED_SELECTOR = YES;
				GCC_WARN_UNINITIALIZED_AUTOS = YES_AGGRESSIVE;
				GCC_WARN_UNUSED_FUNCTION = YES;
				GCC_WARN_UNUSED_VARIABLE = YES;
				MACOSX_DEPLOYMENT_TARGET = 12.0;
				MTL_ENABLE_DEBUG_INFO = INCLUDE_SOURCE;
				MTL_FAST_MATH = YES;
				ONLY_ACTIVE_ARCH = YES;
				SDKROOT = macosx;
				SWIFT_ACTIVE_COMPILATION_CONDITIONS = DEBUG;
				SWIFT_OPTIMIZATION_LEVEL = "-Onone";
			};
			name = Debug;
		};
		5AAF503A267BD389002A58B5 /* Release */ = {
			isa = XCBuildConfiguration;
			buildSettings = {
				ALWAYS_SEARCH_USER_PATHS = NO;
				CLANG_ANALYZER_NONNULL = YES;
				CLANG_ANALYZER_NUMBER_OBJECT_CONVERSION = YES_AGGRESSIVE;
				CLANG_CXX_LANGUAGE_STANDARD = "gnu++14";
				CLANG_CXX_LIBRARY = "libc++";
				CLANG_ENABLE_MODULES = YES;
				CLANG_ENABLE_OBJC_ARC = YES;
				CLANG_ENABLE_OBJC_WEAK = YES;
				CLANG_WARN_BLOCK_CAPTURE_AUTORELEASING = YES;
				CLANG_WARN_BOOL_CONVERSION = YES;
				CLANG_WARN_COMMA = YES;
				CLANG_WARN_CONSTANT_CONVERSION = YES;
				CLANG_WARN_DEPRECATED_OBJC_IMPLEMENTATIONS = YES;
				CLANG_WARN_DIRECT_OBJC_ISA_USAGE = YES_ERROR;
				CLANG_WARN_DOCUMENTATION_COMMENTS = YES;
				CLANG_WARN_EMPTY_BODY = YES;
				CLANG_WARN_ENUM_CONVERSION = YES;
				CLANG_WARN_INFINITE_RECURSION = YES;
				CLANG_WARN_INT_CONVERSION = YES;
				CLANG_WARN_NON_LITERAL_NULL_CONVERSION = YES;
				CLANG_WARN_OBJC_IMPLICIT_RETAIN_SELF = YES;
				CLANG_WARN_OBJC_LITERAL_CONVERSION = YES;
				CLANG_WARN_OBJC_ROOT_CLASS = YES_ERROR;
				CLANG_WARN_QUOTED_INCLUDE_IN_FRAMEWORK_HEADER = YES;
				CLANG_WARN_RANGE_LOOP_ANALYSIS = YES;
				CLANG_WARN_STRICT_PROTOTYPES = YES;
				CLANG_WARN_SUSPICIOUS_MOVE = YES;
				CLANG_WARN_UNGUARDED_AVAILABILITY = YES_AGGRESSIVE;
				CLANG_WARN_UNREACHABLE_CODE = YES;
				CLANG_WARN__DUPLICATE_METHOD_MATCH = YES;
				COPY_PHASE_STRIP = NO;
				DEBUG_INFORMATION_FORMAT = "dwarf-with-dsym";
				ENABLE_NS_ASSERTIONS = NO;
				ENABLE_STRICT_OBJC_MSGSEND = YES;
				GCC_C_LANGUAGE_STANDARD = gnu11;
				GCC_NO_COMMON_BLOCKS = YES;
				GCC_WARN_64_TO_32_BIT_CONVERSION = YES;
				GCC_WARN_ABOUT_RETURN_TYPE = YES_ERROR;
				GCC_WARN_UNDECLARED_SELECTOR = YES;
				GCC_WARN_UNINITIALIZED_AUTOS = YES_AGGRESSIVE;
				GCC_WARN_UNUSED_FUNCTION = YES;
				GCC_WARN_UNUSED_VARIABLE = YES;
				MACOSX_DEPLOYMENT_TARGET = 12.0;
				MTL_ENABLE_DEBUG_INFO = NO;
				MTL_FAST_MATH = YES;
				SDKROOT = macosx;
				SWIFT_COMPILATION_MODE = wholemodule;
				SWIFT_OPTIMIZATION_LEVEL = "-O";
			};
			name = Release;
		};
		5AAF503C267BD389002A58B5 /* Debug */ = {
			isa = XCBuildConfiguration;
			buildSettings = {
				ASSETCATALOG_COMPILER_APPICON_NAME = AppIcon;
				ASSETCATALOG_COMPILER_GLOBAL_ACCENT_COLOR_NAME = AccentColor;
				CODE_SIGN_ENTITLEMENTS = Fifi/Fifi.entitlements;
				CODE_SIGN_STYLE = Automatic;
				COMBINE_HIDPI_IMAGES = YES;
				CURRENT_PROJECT_VERSION = 1;
				DEVELOPMENT_ASSET_PATHS = "\"Fifi/Preview Content\"";
				DEVELOPMENT_TEAM = 3ER597LK99;
				ENABLE_APP_SANDBOX = YES;
				ENABLE_HARDENED_RUNTIME = YES;
				ENABLE_PREVIEWS = YES;
				ENABLE_USER_SELECTED_FILES = readonly;
				GENERATE_INFOPLIST_FILE = YES;
				INFOPLIST_KEY_NSHumanReadableCopyright = "";
				LD_RUNPATH_SEARCH_PATHS = (
					"$(inherited)",
					"@executable_path/../Frameworks",
				);
				MACOSX_DEPLOYMENT_TARGET = 12.0;
				MARKETING_VERSION = 1.0;
				PRODUCT_BUNDLE_IDENTIFIER = com.connorbarnes.Fifi;
				PRODUCT_NAME = "$(TARGET_NAME)";
				SWIFT_EMIT_LOC_STRINGS = YES;
				SWIFT_VERSION = 5.0;
			};
			name = Debug;
		};
		5AAF503D267BD389002A58B5 /* Release */ = {
			isa = XCBuildConfiguration;
			buildSettings = {
				ASSETCATALOG_COMPILER_APPICON_NAME = AppIcon;
				ASSETCATALOG_COMPILER_GLOBAL_ACCENT_COLOR_NAME = AccentColor;
				CODE_SIGN_ENTITLEMENTS = Fifi/Fifi.entitlements;
				CODE_SIGN_STYLE = Automatic;
				COMBINE_HIDPI_IMAGES = YES;
				CURRENT_PROJECT_VERSION = 1;
				DEVELOPMENT_ASSET_PATHS = "\"Fifi/Preview Content\"";
				DEVELOPMENT_TEAM = 3ER597LK99;
				ENABLE_APP_SANDBOX = YES;
				ENABLE_HARDENED_RUNTIME = YES;
				ENABLE_PREVIEWS = YES;
				ENABLE_USER_SELECTED_FILES = readonly;
				GENERATE_INFOPLIST_FILE = YES;
				INFOPLIST_KEY_NSHumanReadableCopyright = "";
				LD_RUNPATH_SEARCH_PATHS = (
					"$(inherited)",
					"@executable_path/../Frameworks",
				);
				MACOSX_DEPLOYMENT_TARGET = 12.0;
				MARKETING_VERSION = 1.0;
				PRODUCT_BUNDLE_IDENTIFIER = com.connorbarnes.Fifi;
				PRODUCT_NAME = "$(TARGET_NAME)";
				SWIFT_EMIT_LOC_STRINGS = YES;
				SWIFT_VERSION = 5.0;
			};
			name = Release;
		};
		5AAF503F267BD389002A58B5 /* Debug */ = {
			isa = XCBuildConfiguration;
			buildSettings = {
				ALWAYS_EMBED_SWIFT_STANDARD_LIBRARIES = YES;
				BUNDLE_LOADER = "$(TEST_HOST)";
				CODE_SIGN_STYLE = Automatic;
				COMBINE_HIDPI_IMAGES = YES;
				CURRENT_PROJECT_VERSION = 1;
				DEVELOPMENT_TEAM = 3ER597LK99;
				GENERATE_INFOPLIST_FILE = YES;
				LD_RUNPATH_SEARCH_PATHS = (
					"$(inherited)",
					"@executable_path/../Frameworks",
					"@loader_path/../Frameworks",
				);
				MACOSX_DEPLOYMENT_TARGET = 12.0;
				MARKETING_VERSION = 1.0;
				PRODUCT_BUNDLE_IDENTIFIER = com.connorbarnes.FifiTests;
				PRODUCT_NAME = "$(TARGET_NAME)";
				SWIFT_EMIT_LOC_STRINGS = NO;
				SWIFT_VERSION = 5.0;
				TEST_HOST = "$(BUILT_PRODUCTS_DIR)/Fifi.app/Contents/MacOS/Fifi";
			};
			name = Debug;
		};
		5AAF5040267BD389002A58B5 /* Release */ = {
			isa = XCBuildConfiguration;
			buildSettings = {
				ALWAYS_EMBED_SWIFT_STANDARD_LIBRARIES = YES;
				BUNDLE_LOADER = "$(TEST_HOST)";
				CODE_SIGN_STYLE = Automatic;
				COMBINE_HIDPI_IMAGES = YES;
				CURRENT_PROJECT_VERSION = 1;
				DEVELOPMENT_TEAM = 3ER597LK99;
				GENERATE_INFOPLIST_FILE = YES;
				LD_RUNPATH_SEARCH_PATHS = (
					"$(inherited)",
					"@executable_path/../Frameworks",
					"@loader_path/../Frameworks",
				);
				MACOSX_DEPLOYMENT_TARGET = 12.0;
				MARKETING_VERSION = 1.0;
				PRODUCT_BUNDLE_IDENTIFIER = com.connorbarnes.FifiTests;
				PRODUCT_NAME = "$(TARGET_NAME)";
				SWIFT_EMIT_LOC_STRINGS = NO;
				SWIFT_VERSION = 5.0;
				TEST_HOST = "$(BUILT_PRODUCTS_DIR)/Fifi.app/Contents/MacOS/Fifi";
			};
			name = Release;
		};
		5AAF5042267BD389002A58B5 /* Debug */ = {
			isa = XCBuildConfiguration;
			buildSettings = {
				ALWAYS_EMBED_SWIFT_STANDARD_LIBRARIES = YES;
				CODE_SIGN_STYLE = Automatic;
				COMBINE_HIDPI_IMAGES = YES;
				CURRENT_PROJECT_VERSION = 1;
				DEVELOPMENT_TEAM = 3ER597LK99;
				GENERATE_INFOPLIST_FILE = YES;
				LD_RUNPATH_SEARCH_PATHS = (
					"$(inherited)",
					"@executable_path/../Frameworks",
					"@loader_path/../Frameworks",
				);
				MARKETING_VERSION = 1.0;
				PRODUCT_BUNDLE_IDENTIFIER = com.connorbarnes.FifiUITests;
				PRODUCT_NAME = "$(TARGET_NAME)";
				SWIFT_EMIT_LOC_STRINGS = NO;
				SWIFT_VERSION = 5.0;
				TEST_TARGET_NAME = Fifi;
			};
			name = Debug;
		};
		5AAF5043267BD389002A58B5 /* Release */ = {
			isa = XCBuildConfiguration;
			buildSettings = {
				ALWAYS_EMBED_SWIFT_STANDARD_LIBRARIES = YES;
				CODE_SIGN_STYLE = Automatic;
				COMBINE_HIDPI_IMAGES = YES;
				CURRENT_PROJECT_VERSION = 1;
				DEVELOPMENT_TEAM = 3ER597LK99;
				GENERATE_INFOPLIST_FILE = YES;
				LD_RUNPATH_SEARCH_PATHS = (
					"$(inherited)",
					"@executable_path/../Frameworks",
					"@loader_path/../Frameworks",
				);
				MARKETING_VERSION = 1.0;
				PRODUCT_BUNDLE_IDENTIFIER = com.connorbarnes.FifiUITests;
				PRODUCT_NAME = "$(TARGET_NAME)";
				SWIFT_EMIT_LOC_STRINGS = NO;
				SWIFT_VERSION = 5.0;
				TEST_TARGET_NAME = Fifi;
			};
			name = Release;
		};
/* End XCBuildConfiguration section */

/* Begin XCConfigurationList section */
		5AAF5014267BD387002A58B5 /* Build configuration list for PBXProject "Fifi" */ = {
			isa = XCConfigurationList;
			buildConfigurations = (
				5AAF5039267BD389002A58B5 /* Debug */,
				5AAF503A267BD389002A58B5 /* Release */,
			);
			defaultConfigurationIsVisible = 0;
			defaultConfigurationName = Release;
		};
		5AAF503B267BD389002A58B5 /* Build configuration list for PBXNativeTarget "Fifi" */ = {
			isa = XCConfigurationList;
			buildConfigurations = (
				5AAF503C267BD389002A58B5 /* Debug */,
				5AAF503D267BD389002A58B5 /* Release */,
			);
			defaultConfigurationIsVisible = 0;
			defaultConfigurationName = Release;
		};
		5AAF503E267BD389002A58B5 /* Build configuration list for PBXNativeTarget "FifiTests" */ = {
			isa = XCConfigurationList;
			buildConfigurations = (
				5AAF503F267BD389002A58B5 /* Debug */,
				5AAF5040267BD389002A58B5 /* Release */,
			);
			defaultConfigurationIsVisible = 0;
			defaultConfigurationName = Release;
		};
		5AAF5041267BD389002A58B5 /* Build configuration list for PBXNativeTarget "FifiUITests" */ = {
			isa = XCConfigurationList;
			buildConfigurations = (
				5AAF5042267BD389002A58B5 /* Debug */,
				5AAF5043267BD389002A58B5 /* Release */,
			);
			defaultConfigurationIsVisible = 0;
			defaultConfigurationName = Release;
		};
/* End XCConfigurationList section */

/* Begin XCRemoteSwiftPackageReference section */
		5A5B23F826A8C2270079D7F9 /* XCRemoteSwiftPackageReference "SeeayaUI" */ = {
			isa = XCRemoteSwiftPackageReference;
			repositoryURL = "https://github.com/seeaya/SeeayaUI.git";
			requirement = {
				branch = main;
				kind = branch;
			};
		};
/* End XCRemoteSwiftPackageReference section */

/* Begin XCSwiftPackageProductDependency section */
		5A1B639426A8FE90004C5348 /* PrinterController */ = {
			isa = XCSwiftPackageProductDependency;
			productName = PrinterController;
		};
		5A5B23F926A8C2270079D7F9 /* SeeayaUI */ = {
			isa = XCSwiftPackageProductDependency;
			package = 5A5B23F826A8C2270079D7F9 /* XCRemoteSwiftPackageReference "SeeayaUI" */;
			productName = SeeayaUI;
		};
/* End XCSwiftPackageProductDependency section */
	};
	rootObject = 5AAF5011267BD387002A58B5 /* Project object */;
}
