{
  "object": {
    "pins": [
      {
        "package": "Socket",
        "repositoryURL": "https://github.com/IBM-Swift/BlueSocket.git",
        "state": {
          "branch": null,
          "revision": "c9894fd117457f1d006575fbfb2fdfd6f79eac03",
          "version": "1.0.200"
        }
      },
      {
        "package": "CoreSwiftVISA",
        "repositoryURL": "https://github.com/SwiftVISA/CoreSwiftVISA.git",
        "state": {
          "branch": "actor",
          "revision": "229f53ba130653b4945188a94a0bbeea5d21ea6f",
          "version": null
        }
      },
      {
        "package": "SeeayaUI",
        "repositoryURL": "https://github.com/seeaya/SeeayaUI.git",
        "state": {
          "branch": "main",
          "revision": "5e78b273becb70b88bd3fc3fe5e55d029e99befd",
          "version": null
        }
      },
      {
        "package": "swift-collections",
        "repositoryURL": "https://github.com/apple/swift-collections",
        "state": {
          "branch": null,
          "revision": "9d8719c8bebdc79740b6969c912ac706eb721d7a",
          "version": "0.0.7"
        }
      },
      {
        "package": "SwiftVISASwift",
        "repositoryURL": "https://github.com/SwiftVISA/SwiftVISASwift.git",
        "state": {
          "branch": "actor",
          "revision": "1ccb532a7967fb0c37a503d2aa15f999991bae2d",
          "version": null
        }
      }
    ]
  },
  "version": 1
}
