{
  "object": {
    "pins": [
      {
        "package": "Socket",
        "repositoryURL": "https://github.com/SwiftVISA/BlueSocket.git",
        "state": {
          "branch": "master",
          "revision": "7b23a867008e0027bfd6f4d398d44720707bc8ca",
          "version": null
        }
      },
      {
        "package": "CoreSwiftVISA",
        "repositoryURL": "https://github.com/SwiftVISA/CoreSwiftVISA.git",
        "state": {
          "branch": "actor",
          "revision": "229f53ba130653b4945188a94a0bbeea5d21ea6f",
          "version": null
        }
      },
      {
        "package": "SeeayaUI",
        "repositoryURL": "https://github.com/seeaya/SeeayaUI.git",
        "state": {
          "branch": "main",
          "revision": "5e78b273becb70b88bd3fc3fe5e55d029e99befd",
          "version": null
        }
      },
      {
        "package": "SwiftVISASwift",
        "repositoryURL": "https://github.com/SwiftVISA/SwiftVISASwift.git",
        "state": {
          "branch": "main",
          "revision": "98595fdba5f16a2da6b0e21ab7e9dabb848db25b",
          "version": null
        }
      }
    ]
  },
  "version": 1
}
